
Microsoft Visual Studio Solution File, Format Version 12.00
# Visual Studio Version 16
VisualStudioVersion = 25.0.1706.12
MinimumVisualStudioVersion = 10.0.40219.1
Project("{FAE04EC0-301F-11D3-BF4B-00C04F79EFBC}") = "PMS", "PMS\PMS.csproj", "{425C7AE4-AA22-43D9-B49A-59989BDC8203}"
EndProject
Global
	GlobalSection(SolutionConfigurationPlatforms) = preSolution
		Debug|Any CPU = Debug|Any CPU
		Release|Any CPU = Release|Any CPU
	EndGlobalSection
	GlobalSection(ProjectConfigurationPlatforms) = postSolution
		{425C7AE4-AA22-43D9-B49A-59989BDC8203}.Debug|Any CPU.ActiveCfg = Debug|Any CPU
		{425C7AE4-AA22-43D9-B49A-59989BDC8203}.Debug|Any CPU.Build.0 = Debug|Any CPU
		{425C7AE4-AA22-43D9-B49A-59989BDC8203}.Release|Any CPU.ActiveCfg = Release|Any CPU
		{425C7AE4-AA22-43D9-B49A-59989BDC8203}.Release|Any CPU.Build.0 = Release|Any CPU
	EndGlobalSection
	GlobalSection(SolutionProperties) = preSolution
		HideSolutionNode = FALSE
	EndGlobalSection
	GlobalSection(ExtensibilityGlobals) = postSolution
		SolutionGuid = {1A4944B8-22B0-4EB8-818C-0E7960DDBAA9}
	EndGlobalSection
EndGlobal
